
Microsoft Visual Studio Solution File, Format Version 12.00
# Visual Studio Version 17
VisualStudioVersion = 17.14.36203.30 d17.14
MinimumVisualStudioVersion = 10.0.40219.1
Project("{8BC9CEB8-8B4A-11D0-8D11-00A0C91BC942}") = "PhysicsGL", "PhysicsGL.vcxproj", "{F80EE2E3-92EF-479F-912F-296BFE9C3578}"
EndProject
Global
	GlobalSection(SolutionConfigurationPlatforms) = preSolution
		Debug|x64 = Debug|x64
		Debug|x86 = Debug|x86
		Release|x64 = Release|x64
		Release|x86 = Release|x86
	EndGlobalSection
	GlobalSection(ProjectConfigurationPlatforms) = postSolution
		{F80EE2E3-92EF-479F-912F-296BFE9C3578}.Debug|x64.ActiveCfg = Debug|x64
		{F80EE2E3-92EF-479F-912F-296BFE9C3578}.Debug|x64.Build.0 = Debug|x64
		{F80EE2E3-92EF-479F-912F-296BFE9C3578}.Debug|x86.ActiveCfg = Debug|Win32
		{F80EE2E3-92EF-479F-912F-296BFE9C3578}.Debug|x86.Build.0 = Debug|Win32
		{F80EE2E3-92EF-479F-912F-296BFE9C3578}.Release|x64.ActiveCfg = Release|x64
		{F80EE2E3-92EF-479F-912F-296BFE9C3578}.Release|x64.Build.0 = Release|x64
		{F80EE2E3-92EF-479F-912F-296BFE9C3578}.Release|x86.ActiveCfg = Release|Win32
		{F80EE2E3-92EF-479F-912F-296BFE9C3578}.Release|x86.Build.0 = Release|Win32
	EndGlobalSection
	GlobalSection(SolutionProperties) = preSolution
		HideSolutionNode = FALSE
	EndGlobalSection
	GlobalSection(ExtensibilityGlobals) = postSolution
		SolutionGuid = {7FB107CF-1A8D-4494-9484-C6D3D3CB1382}
	EndGlobalSection
EndGlobal
